
Microsoft Visual Studio Solution File, Format Version 12.00
# Visual Studio Version 16
VisualStudioVersion = 16.0.31005.135
MinimumVisualStudioVersion = 10.0.40219.1
Project("{9A19103F-16F7-4668-BE54-9A1E7A4F7556}") = "HeavyEngine", "HeavyEngine.csproj", "{500FBED9-BAEE-484B-9618-F15CA50EBD09}"
EndProject
Project("{9A19103F-16F7-4668-BE54-9A1E7A4F7556}") = "TestWindow", "..\TestWindow\TestWindow.csproj", "{95F0A69A-51D1-4E22-BE9A-6ABC42E6B2C5}"
EndProject
Project("{9A19103F-16F7-4668-BE54-9A1E7A4F7556}") = "RayMarcher", "..\RayMarcher\RayMarcher.csproj", "{AE0258D2-1CC8-41AA-A3E6-EEE22FF82743}"
EndProject
Project("{2150E333-8FDC-42A3-9474-1A3956D46DE8}") = "Solution Items", "Solution Items", "{3E865D77-205D-4B65-B418-8E6F30C9B677}"
	ProjectSection(SolutionItems) = preProject
		.editorconfig = .editorconfig
	EndProjectSection
EndProject
Project("{9A19103F-16F7-4668-BE54-9A1E7A4F7556}") = "HeavyUnitTests", "..\HeavyUnitTests\HeavyUnitTests.csproj", "{D8A33B5E-77CD-48D3-B48B-1740E10CA883}"
EndProject
Project("{9A19103F-16F7-4668-BE54-9A1E7A4F7556}") = "ProceduralGeneration", "..\ProceduralGeneration\ProceduralGeneration.csproj", "{AD54D51F-A785-4B72-954D-F3D8EC698918}"
EndProject
Project("{9A19103F-16F7-4668-BE54-9A1E7A4F7556}") = "HeavyInjection", "..\HeavyInjection\HeavyInjection.csproj", "{CD218BB7-4680-462B-B3BA-66DB69B88F76}"
EndProject
Project("{9A19103F-16F7-4668-BE54-9A1E7A4F7556}") = "TestConsole", "..\TestConsole\TestConsole.csproj", "{EA69A91C-4442-42F9-8B3D-07CFEDD3EE52}"
EndProject
Project("{FAE04EC0-301F-11D3-BF4B-00C04F79EFBC}") = "HeavyLinq", "..\HeavyLinq\HeavyLinq.csproj", "{3B5F0830-D048-427B-9CDF-2CEFF8848714}"
EndProject
Project("{FAE04EC0-301F-11D3-BF4B-00C04F79EFBC}") = "HeavyBenchmarking", "..\HeavyBenchmarking\HeavyBenchmarking.csproj", "{78A8D7FE-6F8E-4529-96FF-8559FBBCB7DC}"
EndProject
Global
	GlobalSection(SolutionConfigurationPlatforms) = preSolution
		Debug|Any CPU = Debug|Any CPU
		Debug|x64 = Debug|x64
		Release|Any CPU = Release|Any CPU
		Release|x64 = Release|x64
	EndGlobalSection
	GlobalSection(ProjectConfigurationPlatforms) = postSolution
		{500FBED9-BAEE-484B-9618-F15CA50EBD09}.Debug|Any CPU.ActiveCfg = Debug|Any CPU
		{500FBED9-BAEE-484B-9618-F15CA50EBD09}.Debug|Any CPU.Build.0 = Debug|Any CPU
		{500FBED9-BAEE-484B-9618-F15CA50EBD09}.Debug|x64.ActiveCfg = Debug|x64
		{500FBED9-BAEE-484B-9618-F15CA50EBD09}.Debug|x64.Build.0 = Debug|x64
		{500FBED9-BAEE-484B-9618-F15CA50EBD09}.Release|Any CPU.ActiveCfg = Release|Any CPU
		{500FBED9-BAEE-484B-9618-F15CA50EBD09}.Release|Any CPU.Build.0 = Release|Any CPU
		{500FBED9-BAEE-484B-9618-F15CA50EBD09}.Release|x64.ActiveCfg = Release|x64
		{500FBED9-BAEE-484B-9618-F15CA50EBD09}.Release|x64.Build.0 = Release|x64
		{95F0A69A-51D1-4E22-BE9A-6ABC42E6B2C5}.Debug|Any CPU.ActiveCfg = Debug|Any CPU
		{95F0A69A-51D1-4E22-BE9A-6ABC42E6B2C5}.Debug|Any CPU.Build.0 = Debug|Any CPU
		{95F0A69A-51D1-4E22-BE9A-6ABC42E6B2C5}.Debug|x64.ActiveCfg = Debug|x64
		{95F0A69A-51D1-4E22-BE9A-6ABC42E6B2C5}.Debug|x64.Build.0 = Debug|x64
		{95F0A69A-51D1-4E22-BE9A-6ABC42E6B2C5}.Release|Any CPU.ActiveCfg = Release|Any CPU
		{95F0A69A-51D1-4E22-BE9A-6ABC42E6B2C5}.Release|Any CPU.Build.0 = Release|Any CPU
		{95F0A69A-51D1-4E22-BE9A-6ABC42E6B2C5}.Release|x64.ActiveCfg = Release|x64
		{95F0A69A-51D1-4E22-BE9A-6ABC42E6B2C5}.Release|x64.Build.0 = Release|x64
		{AE0258D2-1CC8-41AA-A3E6-EEE22FF82743}.Debug|Any CPU.ActiveCfg = Debug|Any CPU
		{AE0258D2-1CC8-41AA-A3E6-EEE22FF82743}.Debug|Any CPU.Build.0 = Debug|Any CPU
		{AE0258D2-1CC8-41AA-A3E6-EEE22FF82743}.Debug|x64.ActiveCfg = Debug|x64
		{AE0258D2-1CC8-41AA-A3E6-EEE22FF82743}.Debug|x64.Build.0 = Debug|x64
		{AE0258D2-1CC8-41AA-A3E6-EEE22FF82743}.Release|Any CPU.ActiveCfg = Release|Any CPU
		{AE0258D2-1CC8-41AA-A3E6-EEE22FF82743}.Release|Any CPU.Build.0 = Release|Any CPU
		{AE0258D2-1CC8-41AA-A3E6-EEE22FF82743}.Release|x64.ActiveCfg = Release|x64
		{AE0258D2-1CC8-41AA-A3E6-EEE22FF82743}.Release|x64.Build.0 = Release|x64
		{D8A33B5E-77CD-48D3-B48B-1740E10CA883}.Debug|Any CPU.ActiveCfg = Debug|Any CPU
		{D8A33B5E-77CD-48D3-B48B-1740E10CA883}.Debug|Any CPU.Build.0 = Debug|Any CPU
		{D8A33B5E-77CD-48D3-B48B-1740E10CA883}.Debug|x64.ActiveCfg = Debug|x64
		{D8A33B5E-77CD-48D3-B48B-1740E10CA883}.Debug|x64.Build.0 = Debug|x64
		{D8A33B5E-77CD-48D3-B48B-1740E10CA883}.Release|Any CPU.ActiveCfg = Release|Any CPU
		{D8A33B5E-77CD-48D3-B48B-1740E10CA883}.Release|Any CPU.Build.0 = Release|Any CPU
		{D8A33B5E-77CD-48D3-B48B-1740E10CA883}.Release|x64.ActiveCfg = Release|Any CPU
		{D8A33B5E-77CD-48D3-B48B-1740E10CA883}.Release|x64.Build.0 = Release|Any CPU
		{AD54D51F-A785-4B72-954D-F3D8EC698918}.Debug|Any CPU.ActiveCfg = Debug|Any CPU
		{AD54D51F-A785-4B72-954D-F3D8EC698918}.Debug|Any CPU.Build.0 = Debug|Any CPU
		{AD54D51F-A785-4B72-954D-F3D8EC698918}.Debug|x64.ActiveCfg = Debug|x64
		{AD54D51F-A785-4B72-954D-F3D8EC698918}.Debug|x64.Build.0 = Debug|x64
		{AD54D51F-A785-4B72-954D-F3D8EC698918}.Release|Any CPU.ActiveCfg = Release|Any CPU
		{AD54D51F-A785-4B72-954D-F3D8EC698918}.Release|Any CPU.Build.0 = Release|Any CPU
		{AD54D51F-A785-4B72-954D-F3D8EC698918}.Release|x64.ActiveCfg = Release|Any CPU
		{AD54D51F-A785-4B72-954D-F3D8EC698918}.Release|x64.Build.0 = Release|Any CPU
		{CD218BB7-4680-462B-B3BA-66DB69B88F76}.Debug|Any CPU.ActiveCfg = Debug|Any CPU
		{CD218BB7-4680-462B-B3BA-66DB69B88F76}.Debug|Any CPU.Build.0 = Debug|Any CPU
		{CD218BB7-4680-462B-B3BA-66DB69B88F76}.Debug|x64.ActiveCfg = Debug|Any CPU
		{CD218BB7-4680-462B-B3BA-66DB69B88F76}.Debug|x64.Build.0 = Debug|Any CPU
		{CD218BB7-4680-462B-B3BA-66DB69B88F76}.Release|Any CPU.ActiveCfg = Release|Any CPU
		{CD218BB7-4680-462B-B3BA-66DB69B88F76}.Release|Any CPU.Build.0 = Release|Any CPU
		{CD218BB7-4680-462B-B3BA-66DB69B88F76}.Release|x64.ActiveCfg = Release|Any CPU
		{CD218BB7-4680-462B-B3BA-66DB69B88F76}.Release|x64.Build.0 = Release|Any CPU
		{EA69A91C-4442-42F9-8B3D-07CFEDD3EE52}.Debug|Any CPU.ActiveCfg = Debug|Any CPU
		{EA69A91C-4442-42F9-8B3D-07CFEDD3EE52}.Debug|Any CPU.Build.0 = Debug|Any CPU
		{EA69A91C-4442-42F9-8B3D-07CFEDD3EE52}.Debug|x64.ActiveCfg = Debug|Any CPU
		{EA69A91C-4442-42F9-8B3D-07CFEDD3EE52}.Debug|x64.Build.0 = Debug|Any CPU
		{EA69A91C-4442-42F9-8B3D-07CFEDD3EE52}.Release|Any CPU.ActiveCfg = Release|Any CPU
		{EA69A91C-4442-42F9-8B3D-07CFEDD3EE52}.Release|Any CPU.Build.0 = Release|Any CPU
		{EA69A91C-4442-42F9-8B3D-07CFEDD3EE52}.Release|x64.ActiveCfg = Release|Any CPU
		{EA69A91C-4442-42F9-8B3D-07CFEDD3EE52}.Release|x64.Build.0 = Release|Any CPU
		{3B5F0830-D048-427B-9CDF-2CEFF8848714}.Debug|Any CPU.ActiveCfg = Debug|Any CPU
		{3B5F0830-D048-427B-9CDF-2CEFF8848714}.Debug|Any CPU.Build.0 = Debug|Any CPU
		{3B5F0830-D048-427B-9CDF-2CEFF8848714}.Debug|x64.ActiveCfg = Debug|Any CPU
		{3B5F0830-D048-427B-9CDF-2CEFF8848714}.Debug|x64.Build.0 = Debug|Any CPU
		{3B5F0830-D048-427B-9CDF-2CEFF8848714}.Release|Any CPU.ActiveCfg = Release|Any CPU
		{3B5F0830-D048-427B-9CDF-2CEFF8848714}.Release|Any CPU.Build.0 = Release|Any CPU
		{3B5F0830-D048-427B-9CDF-2CEFF8848714}.Release|x64.ActiveCfg = Release|Any CPU
		{3B5F0830-D048-427B-9CDF-2CEFF8848714}.Release|x64.Build.0 = Release|Any CPU
		{78A8D7FE-6F8E-4529-96FF-8559FBBCB7DC}.Debug|Any CPU.ActiveCfg = Debug|Any CPU
		{78A8D7FE-6F8E-4529-96FF-8559FBBCB7DC}.Debug|Any CPU.Build.0 = Debug|Any CPU
		{78A8D7FE-6F8E-4529-96FF-8559FBBCB7DC}.Debug|x64.ActiveCfg = Debug|Any CPU
		{78A8D7FE-6F8E-4529-96FF-8559FBBCB7DC}.Debug|x64.Build.0 = Debug|Any CPU
		{78A8D7FE-6F8E-4529-96FF-8559FBBCB7DC}.Release|Any CPU.ActiveCfg = Release|Any CPU
		{78A8D7FE-6F8E-4529-96FF-8559FBBCB7DC}.Release|Any CPU.Build.0 = Release|Any CPU
		{78A8D7FE-6F8E-4529-96FF-8559FBBCB7DC}.Release|x64.ActiveCfg = Release|Any CPU
		{78A8D7FE-6F8E-4529-96FF-8559FBBCB7DC}.Release|x64.Build.0 = Release|Any CPU
	EndGlobalSection
	GlobalSection(SolutionProperties) = preSolution
		HideSolutionNode = FALSE
	EndGlobalSection
	GlobalSection(ExtensibilityGlobals) = postSolution
		SolutionGuid = {67686816-9B1B-496A-B8A3-6CEBAB0C9DF6}
	EndGlobalSection
EndGlobal
